
Microsoft Visual Studio Solution File, Format Version 12.00
# Visual Studio Version 17
VisualStudioVersion = 17.6.33815.320
MinimumVisualStudioVersion = 10.0.40219.1
Project("{9A19103F-16F7-4668-BE54-9A1E7A4F7556}") = "private_key_jwt_tool", "private_key_jwt_tool.csproj", "{BC506D7B-6E96-4263-AEAA-22C935D1105D}"
EndProject
Global
	GlobalSection(SolutionConfigurationPlatforms) = preSolution
		Debug|Any CPU = Debug|Any CPU
		Release|Any CPU = Release|Any CPU
	EndGlobalSection
	GlobalSection(ProjectConfigurationPlatforms) = postSolution
		{BC506D7B-6E96-4263-AEAA-22C935D1105D}.Debug|Any CPU.ActiveCfg = Debug|Any CPU
		{BC506D7B-6E96-4263-AEAA-22C935D1105D}.Debug|Any CPU.Build.0 = Debug|Any CPU
		{BC506D7B-6E96-4263-AEAA-22C935D1105D}.Release|Any CPU.ActiveCfg = Release|Any CPU
		{BC506D7B-6E96-4263-AEAA-22C935D1105D}.Release|Any CPU.Build.0 = Release|Any CPU
	EndGlobalSection
	GlobalSection(SolutionProperties) = preSolution
		HideSolutionNode = FALSE
	EndGlobalSection
	GlobalSection(ExtensibilityGlobals) = postSolution
		SolutionGuid = {277D305F-B9BE-4B6A-ABFC-534382A1F508}
	EndGlobalSection
EndGlobal
